
Microsoft Visual Studio Solution File, Format Version 12.00
# Visual Studio 15
VisualStudioVersion = 15.0.27703.2035
MinimumVisualStudioVersion = 10.0.40219.1
Project("{8BC9CEB8-8B4A-11D0-8D11-00A0C91BC942}") = "TCPlayerPacker", "PackerPlugin\BassPlayerPacker.vcxproj", "{C15D3E88-1DE8-40A4-9F70-439C28EC084C}"
EndProject
Project("{8BC9CEB8-8B4A-11D0-8D11-00A0C91BC942}") = "TCPlayerLister", "ListerPlugin\BassPlayerLister.vcxproj", "{D0DE0F07-AF25-4797-9B62-25C1BA3608B2}"
EndProject
Project("{FAE04EC0-301F-11D3-BF4B-00C04F79EFBC}") = "TCPluginInstaller", "TCPluginInstaller\TCPluginInstaller.csproj", "{F2A05A4E-6658-45DA-B6CA-62E37E150309}"
EndProject
Global
	GlobalSection(SolutionConfigurationPlatforms) = preSolution
		Debug|Any CPU = Debug|Any CPU
		Debug|x64 = Debug|x64
		Debug|x86 = Debug|x86
		Release|Any CPU = Release|Any CPU
		Release|x64 = Release|x64
		Release|x86 = Release|x86
	EndGlobalSection
	GlobalSection(ProjectConfigurationPlatforms) = postSolution
		{C15D3E88-1DE8-40A4-9F70-439C28EC084C}.Debug|Any CPU.ActiveCfg = Debug|Win32
		{C15D3E88-1DE8-40A4-9F70-439C28EC084C}.Debug|x64.ActiveCfg = Debug|x64
		{C15D3E88-1DE8-40A4-9F70-439C28EC084C}.Debug|x64.Build.0 = Debug|x64
		{C15D3E88-1DE8-40A4-9F70-439C28EC084C}.Debug|x86.ActiveCfg = Debug|Win32
		{C15D3E88-1DE8-40A4-9F70-439C28EC084C}.Debug|x86.Build.0 = Debug|Win32
		{C15D3E88-1DE8-40A4-9F70-439C28EC084C}.Release|Any CPU.ActiveCfg = Release|Win32
		{C15D3E88-1DE8-40A4-9F70-439C28EC084C}.Release|x64.ActiveCfg = Release|x64
		{C15D3E88-1DE8-40A4-9F70-439C28EC084C}.Release|x64.Build.0 = Release|x64
		{C15D3E88-1DE8-40A4-9F70-439C28EC084C}.Release|x86.ActiveCfg = Release|Win32
		{C15D3E88-1DE8-40A4-9F70-439C28EC084C}.Release|x86.Build.0 = Release|Win32
		{D0DE0F07-AF25-4797-9B62-25C1BA3608B2}.Debug|Any CPU.ActiveCfg = Debug|Win32
		{D0DE0F07-AF25-4797-9B62-25C1BA3608B2}.Debug|x64.ActiveCfg = Debug|x64
		{D0DE0F07-AF25-4797-9B62-25C1BA3608B2}.Debug|x64.Build.0 = Debug|x64
		{D0DE0F07-AF25-4797-9B62-25C1BA3608B2}.Debug|x86.ActiveCfg = Debug|Win32
		{D0DE0F07-AF25-4797-9B62-25C1BA3608B2}.Debug|x86.Build.0 = Debug|Win32
		{D0DE0F07-AF25-4797-9B62-25C1BA3608B2}.Release|Any CPU.ActiveCfg = Release|Win32
		{D0DE0F07-AF25-4797-9B62-25C1BA3608B2}.Release|x64.ActiveCfg = Release|x64
		{D0DE0F07-AF25-4797-9B62-25C1BA3608B2}.Release|x64.Build.0 = Release|x64
		{D0DE0F07-AF25-4797-9B62-25C1BA3608B2}.Release|x86.ActiveCfg = Release|Win32
		{D0DE0F07-AF25-4797-9B62-25C1BA3608B2}.Release|x86.Build.0 = Release|Win32
		{F2A05A4E-6658-45DA-B6CA-62E37E150309}.Debug|Any CPU.ActiveCfg = Debug|Any CPU
		{F2A05A4E-6658-45DA-B6CA-62E37E150309}.Debug|Any CPU.Build.0 = Debug|Any CPU
		{F2A05A4E-6658-45DA-B6CA-62E37E150309}.Debug|x64.ActiveCfg = Debug|Any CPU
		{F2A05A4E-6658-45DA-B6CA-62E37E150309}.Debug|x64.Build.0 = Debug|Any CPU
		{F2A05A4E-6658-45DA-B6CA-62E37E150309}.Debug|x86.ActiveCfg = Debug|Any CPU
		{F2A05A4E-6658-45DA-B6CA-62E37E150309}.Debug|x86.Build.0 = Debug|Any CPU
		{F2A05A4E-6658-45DA-B6CA-62E37E150309}.Release|Any CPU.ActiveCfg = Release|Any CPU
		{F2A05A4E-6658-45DA-B6CA-62E37E150309}.Release|Any CPU.Build.0 = Release|Any CPU
		{F2A05A4E-6658-45DA-B6CA-62E37E150309}.Release|x64.ActiveCfg = Release|Any CPU
		{F2A05A4E-6658-45DA-B6CA-62E37E150309}.Release|x64.Build.0 = Release|Any CPU
		{F2A05A4E-6658-45DA-B6CA-62E37E150309}.Release|x86.ActiveCfg = Release|Any CPU
		{F2A05A4E-6658-45DA-B6CA-62E37E150309}.Release|x86.Build.0 = Release|Any CPU
	EndGlobalSection
	GlobalSection(SolutionProperties) = preSolution
		HideSolutionNode = FALSE
	EndGlobalSection
	GlobalSection(ExtensibilityGlobals) = postSolution
		SolutionGuid = {BAB174B6-CE75-417B-A03F-A502654ED62A}
	EndGlobalSection
EndGlobal
